
Microsoft Visual Studio Solution File, Format Version 12.00
# Visual Studio 15
VisualStudioVersion = 15.0.28010.2050
MinimumVisualStudioVersion = 10.0.40219.1
Project("{FAE04EC0-301F-11D3-BF4B-00C04F79EFBC}") = "ExemploAlbertoFeres.Android", "ExemploAlbertoFeres.Android\ExemploAlbertoFeres.Android.csproj", "{BD82E74F-0F21-464D-A631-8D932CEA2E5A}"
EndProject
Project("{FAE04EC0-301F-11D3-BF4B-00C04F79EFBC}") = "ExemploAlbertoFeres", "ExemploAlbertoFeres\ExemploAlbertoFeres.csproj", "{43D1D197-17E3-41B0-B993-32420671C76A}"
EndProject
Global
	GlobalSection(SolutionConfigurationPlatforms) = preSolution
		Debug|Any CPU = Debug|Any CPU
		Release|Any CPU = Release|Any CPU
	EndGlobalSection
	GlobalSection(ProjectConfigurationPlatforms) = postSolution
		{BD82E74F-0F21-464D-A631-8D932CEA2E5A}.Debug|Any CPU.ActiveCfg = Debug|Any CPU
		{BD82E74F-0F21-464D-A631-8D932CEA2E5A}.Debug|Any CPU.Build.0 = Debug|Any CPU
		{BD82E74F-0F21-464D-A631-8D932CEA2E5A}.Debug|Any CPU.Deploy.0 = Debug|Any CPU
		{BD82E74F-0F21-464D-A631-8D932CEA2E5A}.Release|Any CPU.ActiveCfg = Release|Any CPU
		{BD82E74F-0F21-464D-A631-8D932CEA2E5A}.Release|Any CPU.Build.0 = Release|Any CPU
		{BD82E74F-0F21-464D-A631-8D932CEA2E5A}.Release|Any CPU.Deploy.0 = Release|Any CPU
		{43D1D197-17E3-41B0-B993-32420671C76A}.Debug|Any CPU.ActiveCfg = Debug|Any CPU
		{43D1D197-17E3-41B0-B993-32420671C76A}.Debug|Any CPU.Build.0 = Debug|Any CPU
		{43D1D197-17E3-41B0-B993-32420671C76A}.Debug|Any CPU.Deploy.0 = Debug|Any CPU
		{43D1D197-17E3-41B0-B993-32420671C76A}.Release|Any CPU.ActiveCfg = Release|Any CPU
		{43D1D197-17E3-41B0-B993-32420671C76A}.Release|Any CPU.Build.0 = Release|Any CPU
		{43D1D197-17E3-41B0-B993-32420671C76A}.Release|Any CPU.Deploy.0 = Release|Any CPU
	EndGlobalSection
	GlobalSection(SolutionProperties) = preSolution
		HideSolutionNode = FALSE
	EndGlobalSection
	GlobalSection(ExtensibilityGlobals) = postSolution
		SolutionGuid = {D95DC6D2-417B-4B41-B5CC-221F2C56FFC5}
	EndGlobalSection
EndGlobal
